
Microsoft Visual Studio Solution File, Format Version 12.00
# Visual Studio Version 17
VisualStudioVersion = 17.14.36401.2
MinimumVisualStudioVersion = 10.0.40219.1
Project("{FAE04EC0-301F-11D3-BF4B-00C04F79EFBC}") = "Tests", "Selenium\Tests.csproj", "{B7466961-2930-4462-A83A-CE94B73BBE7D}"
EndProject
Project("{FAE04EC0-301F-11D3-BF4B-00C04F79EFBC}") = "Core", "Core\Core.csproj", "{FE79FAB1-56FC-4C28-AACD-3E735177A23B}"
EndProject
Global
	GlobalSection(SolutionConfigurationPlatforms) = preSolution
		Debug|Any CPU = Debug|Any CPU
		Release|Any CPU = Release|Any CPU
	EndGlobalSection
	GlobalSection(ProjectConfigurationPlatforms) = postSolution
		{B7466961-2930-4462-A83A-CE94B73BBE7D}.Debug|Any CPU.ActiveCfg = Debug|Any CPU
		{B7466961-2930-4462-A83A-CE94B73BBE7D}.Debug|Any CPU.Build.0 = Debug|Any CPU
		{B7466961-2930-4462-A83A-CE94B73BBE7D}.Release|Any CPU.ActiveCfg = Release|Any CPU
		{B7466961-2930-4462-A83A-CE94B73BBE7D}.Release|Any CPU.Build.0 = Release|Any CPU
		{FE79FAB1-56FC-4C28-AACD-3E735177A23B}.Debug|Any CPU.ActiveCfg = Debug|Any CPU
		{FE79FAB1-56FC-4C28-AACD-3E735177A23B}.Debug|Any CPU.Build.0 = Debug|Any CPU
		{FE79FAB1-56FC-4C28-AACD-3E735177A23B}.Release|Any CPU.ActiveCfg = Release|Any CPU
		{FE79FAB1-56FC-4C28-AACD-3E735177A23B}.Release|Any CPU.Build.0 = Release|Any CPU
	EndGlobalSection
	GlobalSection(SolutionProperties) = preSolution
		HideSolutionNode = FALSE
	EndGlobalSection
	GlobalSection(ExtensibilityGlobals) = postSolution
		SolutionGuid = {2875EE76-AC93-4C14-9651-40989AFCC083}
	EndGlobalSection
EndGlobal
